
Microsoft Visual Studio Solution File, Format Version 12.00
# Visual Studio Version 16
VisualStudioVersion = 16.0.29411.108
MinimumVisualStudioVersion = 10.0.40219.1
Project("{FAE04EC0-301F-11D3-BF4B-00C04F79EFBC}") = "Duplicados", "Duplicados\Duplicados.csproj", "{70566770-C75E-458F-B9C8-83D3624CC226}"
EndProject
Global
	GlobalSection(SolutionConfigurationPlatforms) = preSolution
		Debug|Any CPU = Debug|Any CPU
		Release|Any CPU = Release|Any CPU
	EndGlobalSection
	GlobalSection(ProjectConfigurationPlatforms) = postSolution
		{70566770-C75E-458F-B9C8-83D3624CC226}.Debug|Any CPU.ActiveCfg = Debug|Any CPU
		{70566770-C75E-458F-B9C8-83D3624CC226}.Debug|Any CPU.Build.0 = Debug|Any CPU
		{70566770-C75E-458F-B9C8-83D3624CC226}.Release|Any CPU.ActiveCfg = Release|Any CPU
		{70566770-C75E-458F-B9C8-83D3624CC226}.Release|Any CPU.Build.0 = Release|Any CPU
	EndGlobalSection
	GlobalSection(SolutionProperties) = preSolution
		HideSolutionNode = FALSE
	EndGlobalSection
	GlobalSection(ExtensibilityGlobals) = postSolution
		SolutionGuid = {DA06687A-27C6-4363-BFDF-2808081A307A}
	EndGlobalSection
EndGlobal
