
Microsoft Visual Studio Solution File, Format Version 12.00
# Visual Studio Version 16
VisualStudioVersion = 16.0.29613.14
MinimumVisualStudioVersion = 10.0.40219.1
Project("{9A19103F-16F7-4668-BE54-9A1E7A4F7556}") = "Knewin.CityApi", "Knewin.CityApi\Knewin.CityApi.csproj", "{4CDBD09F-0778-4447-9822-64073CD009F0}"
EndProject
Project("{9A19103F-16F7-4668-BE54-9A1E7A4F7556}") = "Knewin.Core", "Knewin.Core\Knewin.Core.csproj", "{30152EED-0535-4A11-BF23-7D56FC920F56}"
EndProject
Project("{9A19103F-16F7-4668-BE54-9A1E7A4F7556}") = "Knewin.Domain", "Knewin.Domain\Knewin.Domain.csproj", "{8ED8E273-E64F-4AA5-A5E8-BFF6A1559684}"
EndProject
Project("{9A19103F-16F7-4668-BE54-9A1E7A4F7556}") = "Knewin.Infra", "Knewin.Infra\Knewin.Infra.csproj", "{5A867F04-9F6C-4DEB-9F0C-343A650A1F0B}"
EndProject
Project("{FAE04EC0-301F-11D3-BF4B-00C04F79EFBC}") = "Knewin.Algorithms", "Knewin.Algorithms\Knewin.Algorithms.csproj", "{98B36942-0355-4EA1-8A4D-996F95027701}"
EndProject
Global
	GlobalSection(SolutionConfigurationPlatforms) = preSolution
		Debug|Any CPU = Debug|Any CPU
		Release|Any CPU = Release|Any CPU
	EndGlobalSection
	GlobalSection(ProjectConfigurationPlatforms) = postSolution
		{4CDBD09F-0778-4447-9822-64073CD009F0}.Debug|Any CPU.ActiveCfg = Debug|Any CPU
		{4CDBD09F-0778-4447-9822-64073CD009F0}.Debug|Any CPU.Build.0 = Debug|Any CPU
		{4CDBD09F-0778-4447-9822-64073CD009F0}.Release|Any CPU.ActiveCfg = Release|Any CPU
		{4CDBD09F-0778-4447-9822-64073CD009F0}.Release|Any CPU.Build.0 = Release|Any CPU
		{30152EED-0535-4A11-BF23-7D56FC920F56}.Debug|Any CPU.ActiveCfg = Debug|Any CPU
		{30152EED-0535-4A11-BF23-7D56FC920F56}.Debug|Any CPU.Build.0 = Debug|Any CPU
		{30152EED-0535-4A11-BF23-7D56FC920F56}.Release|Any CPU.ActiveCfg = Release|Any CPU
		{30152EED-0535-4A11-BF23-7D56FC920F56}.Release|Any CPU.Build.0 = Release|Any CPU
		{8ED8E273-E64F-4AA5-A5E8-BFF6A1559684}.Debug|Any CPU.ActiveCfg = Debug|Any CPU
		{8ED8E273-E64F-4AA5-A5E8-BFF6A1559684}.Debug|Any CPU.Build.0 = Debug|Any CPU
		{8ED8E273-E64F-4AA5-A5E8-BFF6A1559684}.Release|Any CPU.ActiveCfg = Release|Any CPU
		{8ED8E273-E64F-4AA5-A5E8-BFF6A1559684}.Release|Any CPU.Build.0 = Release|Any CPU
		{5A867F04-9F6C-4DEB-9F0C-343A650A1F0B}.Debug|Any CPU.ActiveCfg = Debug|Any CPU
		{5A867F04-9F6C-4DEB-9F0C-343A650A1F0B}.Debug|Any CPU.Build.0 = Debug|Any CPU
		{5A867F04-9F6C-4DEB-9F0C-343A650A1F0B}.Release|Any CPU.ActiveCfg = Release|Any CPU
		{5A867F04-9F6C-4DEB-9F0C-343A650A1F0B}.Release|Any CPU.Build.0 = Release|Any CPU
		{98B36942-0355-4EA1-8A4D-996F95027701}.Debug|Any CPU.ActiveCfg = Debug|Any CPU
		{98B36942-0355-4EA1-8A4D-996F95027701}.Debug|Any CPU.Build.0 = Debug|Any CPU
		{98B36942-0355-4EA1-8A4D-996F95027701}.Release|Any CPU.ActiveCfg = Release|Any CPU
		{98B36942-0355-4EA1-8A4D-996F95027701}.Release|Any CPU.Build.0 = Release|Any CPU
	EndGlobalSection
	GlobalSection(SolutionProperties) = preSolution
		HideSolutionNode = FALSE
	EndGlobalSection
	GlobalSection(ExtensibilityGlobals) = postSolution
		SolutionGuid = {A15145AC-E207-44E3-B451-18B7D9DE34B6}
	EndGlobalSection
EndGlobal
